
Microsoft Visual Studio Solution File, Format Version 12.00
# Visual Studio 15
VisualStudioVersion = 15.0.27004.2008
MinimumVisualStudioVersion = 10.0.40219.1
Project("{FAE04EC0-301F-11D3-BF4B-00C04F79EFBC}") = "PersonelApp.Domain", "PersonelApp.Domain\PersonelApp.Domain.csproj", "{EE01D5D1-0F75-4FA1-864E-3275F619CA12}"
EndProject
Project("{FAE04EC0-301F-11D3-BF4B-00C04F79EFBC}") = "PersonelApp.DAL", "PersonelApp.DAL\PersonelApp.DAL.csproj", "{8CA24684-C261-45D7-8250-E146F39F41B9}"
EndProject
Project("{FAE04EC0-301F-11D3-BF4B-00C04F79EFBC}") = "PersonelApp.Console.UI", "PersonelApp.Console.UI\PersonelApp.Console.UI.csproj", "{5FBDF6D5-B50E-4161-B7E8-47B6C7DFE462}"
EndProject
Global
	GlobalSection(SolutionConfigurationPlatforms) = preSolution
		Debug|Any CPU = Debug|Any CPU
		Release|Any CPU = Release|Any CPU
	EndGlobalSection
	GlobalSection(ProjectConfigurationPlatforms) = postSolution
		{EE01D5D1-0F75-4FA1-864E-3275F619CA12}.Debug|Any CPU.ActiveCfg = Debug|Any CPU
		{EE01D5D1-0F75-4FA1-864E-3275F619CA12}.Debug|Any CPU.Build.0 = Debug|Any CPU
		{EE01D5D1-0F75-4FA1-864E-3275F619CA12}.Release|Any CPU.ActiveCfg = Release|Any CPU
		{EE01D5D1-0F75-4FA1-864E-3275F619CA12}.Release|Any CPU.Build.0 = Release|Any CPU
		{8CA24684-C261-45D7-8250-E146F39F41B9}.Debug|Any CPU.ActiveCfg = Debug|Any CPU
		{8CA24684-C261-45D7-8250-E146F39F41B9}.Debug|Any CPU.Build.0 = Debug|Any CPU
		{8CA24684-C261-45D7-8250-E146F39F41B9}.Release|Any CPU.ActiveCfg = Release|Any CPU
		{8CA24684-C261-45D7-8250-E146F39F41B9}.Release|Any CPU.Build.0 = Release|Any CPU
		{5FBDF6D5-B50E-4161-B7E8-47B6C7DFE462}.Debug|Any CPU.ActiveCfg = Debug|Any CPU
		{5FBDF6D5-B50E-4161-B7E8-47B6C7DFE462}.Debug|Any CPU.Build.0 = Debug|Any CPU
		{5FBDF6D5-B50E-4161-B7E8-47B6C7DFE462}.Release|Any CPU.ActiveCfg = Release|Any CPU
		{5FBDF6D5-B50E-4161-B7E8-47B6C7DFE462}.Release|Any CPU.Build.0 = Release|Any CPU
	EndGlobalSection
	GlobalSection(SolutionProperties) = preSolution
		HideSolutionNode = FALSE
	EndGlobalSection
	GlobalSection(ExtensibilityGlobals) = postSolution
		SolutionGuid = {840D9DCE-6272-4902-B90C-B9A86F94932D}
	EndGlobalSection
EndGlobal
